# This file is automatically @generated by Cargo.
# It is not intended for manual editing.
[[package]]
name = "ast"
version = "0.1.0"

[[package]]
name = "interpreter"
version = "0.1.0"
dependencies = [
 "ast 0.1.0",
]

[[package]]
name = "parser"
version = "0.1.0"
dependencies = [
 "ast 0.1.0",
]

[[package]]
name = "rlox"
version = "0.1.0"
dependencies = [
 "ast 0.1.0",
 "interpreter 0.1.0",
 "parser 0.1.0",
]

