# This file is automatically @generated by Cargo.
# It is not intended for manual editing.
[[package]]
name = "ast"
version = "0.1.0"
dependencies = [
 "snowflake 1.3.0 (registry+https://github.com/rust-lang/crates.io-index)",
]

[[package]]
name = "interpreter"
version = "0.1.0"
dependencies = [
 "ast 0.1.0",
 "snowflake 1.3.0 (registry+https://github.com/rust-lang/crates.io-index)",
]

[[package]]
name = "parser"
version = "0.1.0"
dependencies = [
 "ast 0.1.0",
]

[[package]]
name = "rlox"
version = "0.1.0"
dependencies = [
 "ast 0.1.0",
 "interpreter 0.1.0",
 "parser 0.1.0",
]

[[package]]
name = "snowflake"
version = "1.3.0"
source = "registry+https://github.com/rust-lang/crates.io-index"

[metadata]
"checksum snowflake 1.3.0 (registry+https://github.com/rust-lang/crates.io-index)" = "27207bb65232eda1f588cf46db2fee75c0808d557f6b3cf19a75f5d6d7c94df1"
